
Microsoft Visual Studio Solution File, Format Version 12.00
# Visual Studio Version 17
VisualStudioVersion = 17.5.33516.290
MinimumVisualStudioVersion = 10.0.40219.1
Project("{8BC9CEB8-8B4A-11D0-8D11-00A0C91BC942}") = "Project 2023 04 03 Object Oriented Programming V2", "Project 2023 04 03 Object Oriented Programming V2.vcxproj", "{CE2FCD05-0531-4365-A047-AB034DBC9C19}"
EndProject
Global
	GlobalSection(SolutionConfigurationPlatforms) = preSolution
		Debug|x64 = Debug|x64
		Debug|x86 = Debug|x86
		Release|x64 = Release|x64
		Release|x86 = Release|x86
	EndGlobalSection
	GlobalSection(ProjectConfigurationPlatforms) = postSolution
		{CE2FCD05-0531-4365-A047-AB034DBC9C19}.Debug|x64.ActiveCfg = Debug|x64
		{CE2FCD05-0531-4365-A047-AB034DBC9C19}.Debug|x64.Build.0 = Debug|x64
		{CE2FCD05-0531-4365-A047-AB034DBC9C19}.Debug|x86.ActiveCfg = Debug|Win32
		{CE2FCD05-0531-4365-A047-AB034DBC9C19}.Debug|x86.Build.0 = Debug|Win32
		{CE2FCD05-0531-4365-A047-AB034DBC9C19}.Release|x64.ActiveCfg = Release|x64
		{CE2FCD05-0531-4365-A047-AB034DBC9C19}.Release|x64.Build.0 = Release|x64
		{CE2FCD05-0531-4365-A047-AB034DBC9C19}.Release|x86.ActiveCfg = Release|Win32
		{CE2FCD05-0531-4365-A047-AB034DBC9C19}.Release|x86.Build.0 = Release|Win32
	EndGlobalSection
	GlobalSection(SolutionProperties) = preSolution
		HideSolutionNode = FALSE
	EndGlobalSection
	GlobalSection(ExtensibilityGlobals) = postSolution
		SolutionGuid = {BF71DF82-FA68-4464-9B32-311F84A802DB}
	EndGlobalSection
EndGlobal
